// !$*UTF8*$!
{
	archiveVersion = 1;
	classes = {
	};
	objectVersion = 47;
	objects = {

/* Begin PBXBuildFile section */
		B51BA0F21C8C188A004B821F /* UIAlertController+TextField.swift in Sources */ = {isa = PBXBuildFile; fileRef = B51BA0F11C8C188A004B821F /* UIAlertController+TextField.swift */; };
		B53586B71C2ECBFB005D58EE /* TestViewController.swift in Sources */ = {isa = PBXBuildFile; fileRef = B53586B61C2ECBFB005D58EE /* TestViewController.swift */; };
		B53FB46E1C2FAB250019DDC9 /* DropDownTableViewController.swift in Sources */ = {isa = PBXBuildFile; fileRef = B53FB46D1C2FAB250019DDC9 /* DropDownTableViewController.swift */; };
		B5BF72281AC30842004A1113 /* AppDelegate.swift in Sources */ = {isa = PBXBuildFile; fileRef = B5BF72271AC30842004A1113 /* AppDelegate.swift */; };
		B5BF722D1AC30842004A1113 /* Main.storyboard in Resources */ = {isa = PBXBuildFile; fileRef = B5BF722B1AC30842004A1113 /* Main.storyboard */; };
		B5BF722F1AC30842004A1113 /* Images.xcassets in Resources */ = {isa = PBXBuildFile; fileRef = B5BF722E1AC30842004A1113 /* Images.xcassets */; };
		B5BF72321AC30842004A1113 /* LaunchScreen.xib in Resources */ = {isa = PBXBuildFile; fileRef = B5BF72301AC30842004A1113 /* LaunchScreen.xib */; };
		B5CA8DDF1C887F0F002027B1 /* AnotherTestController.swift in Sources */ = {isa = PBXBuildFile; fileRef = B5CA8DDE1C887F0F002027B1 /* AnotherTestController.swift */; };
		B5CBAFD91CB183BC003D5497 /* UITableView+DropDown.swift in Sources */ = {isa = PBXBuildFile; fileRef = B5CBAFD81CB183BC003D5497 /* UITableView+DropDown.swift */; };
		B5D3529B1CCBA4AA00C021B5 /* NSIndexPath+DropDown.swift in Sources */ = {isa = PBXBuildFile; fileRef = B5D3529A1CCBA4AA00C021B5 /* NSIndexPath+DropDown.swift */; };
		B5DF89621BEA558A006C1407 /* TableViewController.swift in Sources */ = {isa = PBXBuildFile; fileRef = B5DF89611BEA558A006C1407 /* TableViewController.swift */; };
/* End PBXBuildFile section */

/* Begin PBXFileReference section */
		B51BA0EF1C8C158F004B821F /* Changelog.md */ = {isa = PBXFileReference; fileEncoding = 4; lastKnownFileType = net.daringfireball.markdown; path = Changelog.md; sourceTree = "<group>"; };
		B51BA0F11C8C188A004B821F /* UIAlertController+TextField.swift */ = {isa = PBXFileReference; fileEncoding = 4; lastKnownFileType = sourcecode.swift; path = "UIAlertController+TextField.swift"; sourceTree = "<group>"; };
		B5295F831BF8AEA100305D4F /* DropDownTable.gif */ = {isa = PBXFileReference; lastKnownFileType = image.gif; path = DropDownTable.gif; sourceTree = "<group>"; };
		B53586B61C2ECBFB005D58EE /* TestViewController.swift */ = {isa = PBXFileReference; fileEncoding = 4; lastKnownFileType = sourcecode.swift; path = TestViewController.swift; sourceTree = "<group>"; };
		B53586DE1C2EF661005D58EE /* README.md */ = {isa = PBXFileReference; fileEncoding = 4; lastKnownFileType = net.daringfireball.markdown; path = README.md; sourceTree = SOURCE_ROOT; };
		B53FB4691C2FA7060019DDC9 /* LICENSE */ = {isa = PBXFileReference; fileEncoding = 4; lastKnownFileType = text; path = LICENSE; sourceTree = "<group>"; };
		B53FB46D1C2FAB250019DDC9 /* DropDownTableViewController.swift */ = {isa = PBXFileReference; fileEncoding = 4; lastKnownFileType = sourcecode.swift; path = DropDownTableViewController.swift; sourceTree = "<group>"; };
		B5ACA02E1C81AAC000350464 /* DropDownTableView.podspec */ = {isa = PBXFileReference; fileEncoding = 4; lastKnownFileType = text; path = DropDownTableView.podspec; sourceTree = "<group>"; };
		B5BF72221AC30842004A1113 /* DropDownTableView.app */ = {isa = PBXFileReference; explicitFileType = wrapper.application; includeInIndex = 0; path = DropDownTableView.app; sourceTree = BUILT_PRODUCTS_DIR; };
		B5BF72261AC30842004A1113 /* Info.plist */ = {isa = PBXFileReference; lastKnownFileType = text.plist.xml; path = Info.plist; sourceTree = "<group>"; };
		B5BF72271AC30842004A1113 /* AppDelegate.swift */ = {isa = PBXFileReference; lastKnownFileType = sourcecode.swift; path = AppDelegate.swift; sourceTree = "<group>"; };
		B5BF722C1AC30842004A1113 /* Base */ = {isa = PBXFileReference; lastKnownFileType = file.storyboard; name = Base; path = Base.lproj/Main.storyboard; sourceTree = "<group>"; };
		B5BF722E1AC30842004A1113 /* Images.xcassets */ = {isa = PBXFileReference; lastKnownFileType = folder.assetcatalog; path = Images.xcassets; sourceTree = "<group>"; };
		B5BF72311AC30842004A1113 /* Base */ = {isa = PBXFileReference; lastKnownFileType = file.xib; name = Base; path = Base.lproj/LaunchScreen.xib; sourceTree = "<group>"; };
		B5CA8DDE1C887F0F002027B1 /* AnotherTestController.swift */ = {isa = PBXFileReference; fileEncoding = 4; lastKnownFileType = sourcecode.swift; path = AnotherTestController.swift; sourceTree = "<group>"; };
		B5CBAFD81CB183BC003D5497 /* UITableView+DropDown.swift */ = {isa = PBXFileReference; fileEncoding = 4; lastKnownFileType = sourcecode.swift; path = "UITableView+DropDown.swift"; sourceTree = "<group>"; };
		B5D3529A1CCBA4AA00C021B5 /* NSIndexPath+DropDown.swift */ = {isa = PBXFileReference; fileEncoding = 4; lastKnownFileType = sourcecode.swift; path = "NSIndexPath+DropDown.swift"; sourceTree = "<group>"; };
		B5DF89611BEA558A006C1407 /* TableViewController.swift */ = {isa = PBXFileReference; fileEncoding = 4; lastKnownFileType = sourcecode.swift; path = TableViewController.swift; sourceTree = "<group>"; };
/* End PBXFileReference section */

/* Begin PBXFrameworksBuildPhase section */
		B5BF721F1AC30841004A1113 /* Frameworks */ = {
			isa = PBXFrameworksBuildPhase;
			buildActionMask = 2147483647;
			files = (
			);
			runOnlyForDeploymentPostprocessing = 0;
		};
/* End PBXFrameworksBuildPhase section */

/* Begin PBXGroup section */
		B53FB46C1C2FAB250019DDC9 /* Source */ = {
			isa = PBXGroup;
			children = (
				B53FB46D1C2FAB250019DDC9 /* DropDownTableViewController.swift */,
				B5CBAFD81CB183BC003D5497 /* UITableView+DropDown.swift */,
				B5D3529A1CCBA4AA00C021B5 /* NSIndexPath+DropDown.swift */,
			);
			path = Source;
			sourceTree = "<group>";
		};
		B5BF72191AC30841004A1113 = {
			isa = PBXGroup;
			children = (
				B51BA0EF1C8C158F004B821F /* Changelog.md */,
				B5ACA02E1C81AAC000350464 /* DropDownTableView.podspec */,
				B53FB4691C2FA7060019DDC9 /* LICENSE */,
				B53586DE1C2EF661005D58EE /* README.md */,
				B53FB46C1C2FAB250019DDC9 /* Source */,
				B5BF72241AC30842004A1113 /* DropDownTableView */,
				B5BF72231AC30842004A1113 /* Products */,
			);
			sourceTree = "<group>";
		};
		B5BF72231AC30842004A1113 /* Products */ = {
			isa = PBXGroup;
			children = (
				B5BF72221AC30842004A1113 /* DropDownTableView.app */,
			);
			name = Products;
			sourceTree = "<group>";
		};
		B5BF72241AC30842004A1113 /* DropDownTableView */ = {
			isa = PBXGroup;
			children = (
				B5BF72271AC30842004A1113 /* AppDelegate.swift */,
				B5DF89611BEA558A006C1407 /* TableViewController.swift */,
				B53586B61C2ECBFB005D58EE /* TestViewController.swift */,
				B5CA8DDE1C887F0F002027B1 /* AnotherTestController.swift */,
				B51BA0F11C8C188A004B821F /* UIAlertController+TextField.swift */,
				B5BF722B1AC30842004A1113 /* Main.storyboard */,
				B5BF722E1AC30842004A1113 /* Images.xcassets */,
				B5BF72301AC30842004A1113 /* LaunchScreen.xib */,
				B5BF72251AC30842004A1113 /* Supporting Files */,
			);
			path = DropDownTableView;
			sourceTree = "<group>";
		};
		B5BF72251AC30842004A1113 /* Supporting Files */ = {
			isa = PBXGroup;
			children = (
				B5295F831BF8AEA100305D4F /* DropDownTable.gif */,
				B5BF72261AC30842004A1113 /* Info.plist */,
			);
			name = "Supporting Files";
			sourceTree = "<group>";
		};
/* End PBXGroup section */

/* Begin PBXNativeTarget section */
		B5BF72211AC30841004A1113 /* DropDownTableView */ = {
			isa = PBXNativeTarget;
			buildConfigurationList = B5BF72411AC30842004A1113 /* Build configuration list for PBXNativeTarget "DropDownTableView" */;
			buildPhases = (
				B5BF721E1AC30841004A1113 /* Sources */,
				B5BF721F1AC30841004A1113 /* Frameworks */,
				B5BF72201AC30841004A1113 /* Resources */,
			);
			buildRules = (
			);
			dependencies = (
			);
			name = DropDownTableView;
			productName = DropDownTableView;
			productReference = B5BF72221AC30842004A1113 /* DropDownTableView.app */;
			productType = "com.apple.product-type.application";
		};
/* End PBXNativeTarget section */

/* Begin PBXProject section */
		B5BF721A1AC30841004A1113 /* Project object */ = {
			isa = PBXProject;
			attributes = {
				LastSwiftMigration = 0710;
				LastSwiftUpdateCheck = 0710;
				LastUpgradeCheck = 0710;
				ORGANIZATIONNAME = NSSimpleApps;
				TargetAttributes = {
					B5BF72211AC30841004A1113 = {
						CreatedOnToolsVersion = 6.2;
					};
				};
			};
			buildConfigurationList = B5BF721D1AC30841004A1113 /* Build configuration list for PBXProject "DropDownTableView" */;
			compatibilityVersion = "Xcode 6.3";
			developmentRegion = English;
			hasScannedForEncodings = 0;
			knownRegions = (
				en,
				Base,
			);
			mainGroup = B5BF72191AC30841004A1113;
			productRefGroup = B5BF72231AC30842004A1113 /* Products */;
			projectDirPath = "";
			projectRoot = "";
			targets = (
				B5BF72211AC30841004A1113 /* DropDownTableView */,
			);
		};
/* End PBXProject section */

/* Begin PBXResourcesBuildPhase section */
		B5BF72201AC30841004A1113 /* Resources */ = {
			isa = PBXResourcesBuildPhase;
			buildActionMask = 2147483647;
			files = (
				B5BF722D1AC30842004A1113 /* Main.storyboard in Resources */,
				B5BF72321AC30842004A1113 /* LaunchScreen.xib in Resources */,
				B5BF722F1AC30842004A1113 /* Images.xcassets in Resources */,
			);
			runOnlyForDeploymentPostprocessing = 0;
		};
/* End PBXResourcesBuildPhase section */

/* Begin PBXSourcesBuildPhase section */
		B5BF721E1AC30841004A1113 /* Sources */ = {
			isa = PBXSourcesBuildPhase;
			buildActionMask = 2147483647;
			files = (
				B53FB46E1C2FAB250019DDC9 /* DropDownTableViewController.swift in Sources */,
				B5DF89621BEA558A006C1407 /* TableViewController.swift in Sources */,
				B5CA8DDF1C887F0F002027B1 /* AnotherTestController.swift in Sources */,
				B5D3529B1CCBA4AA00C021B5 /* NSIndexPath+DropDown.swift in Sources */,
				B5CBAFD91CB183BC003D5497 /* UITableView+DropDown.swift in Sources */,
				B53586B71C2ECBFB005D58EE /* TestViewController.swift in Sources */,
				B51BA0F21C8C188A004B821F /* UIAlertController+TextField.swift in Sources */,
				B5BF72281AC30842004A1113 /* AppDelegate.swift in Sources */,
			);
			runOnlyForDeploymentPostprocessing = 0;
		};
/* End PBXSourcesBuildPhase section */

/* Begin PBXVariantGroup section */
		B5BF722B1AC30842004A1113 /* Main.storyboard */ = {
			isa = PBXVariantGroup;
			children = (
				B5BF722C1AC30842004A1113 /* Base */,
			);
			name = Main.storyboard;
			sourceTree = "<group>";
		};
		B5BF72301AC30842004A1113 /* LaunchScreen.xib */ = {
			isa = PBXVariantGroup;
			children = (
				B5BF72311AC30842004A1113 /* Base */,
			);
			name = LaunchScreen.xib;
			sourceTree = "<group>";
		};
/* End PBXVariantGroup section */

/* Begin XCBuildConfiguration section */
		B5BF723F1AC30842004A1113 /* Debug */ = {
			isa = XCBuildConfiguration;
			buildSettings = {
				ALWAYS_SEARCH_USER_PATHS = NO;
				CLANG_CXX_LANGUAGE_STANDARD = "gnu++0x";
				CLANG_CXX_LIBRARY = "libc++";
				CLANG_ENABLE_MODULES = YES;
				CLANG_ENABLE_OBJC_ARC = YES;
				CLANG_WARN_BOOL_CONVERSION = YES;
				CLANG_WARN_CONSTANT_CONVERSION = YES;
				CLANG_WARN_DIRECT_OBJC_ISA_USAGE = YES_ERROR;
				CLANG_WARN_EMPTY_BODY = YES;
				CLANG_WARN_ENUM_CONVERSION = YES;
				CLANG_WARN_INT_CONVERSION = YES;
				CLANG_WARN_OBJC_ROOT_CLASS = YES_ERROR;
				CLANG_WARN_UNREACHABLE_CODE = YES;
				CLANG_WARN__DUPLICATE_METHOD_MATCH = YES;
				"CODE_SIGN_IDENTITY[sdk=iphoneos*]" = "iPhone Developer";
				COPY_PHASE_STRIP = NO;
				ENABLE_STRICT_OBJC_MSGSEND = YES;
				ENABLE_TESTABILITY = YES;
				GCC_C_LANGUAGE_STANDARD = gnu99;
				GCC_DYNAMIC_NO_PIC = NO;
				GCC_OPTIMIZATION_LEVEL = 0;
				GCC_PREPROCESSOR_DEFINITIONS = (
					"DEBUG=1",
					"$(inherited)",
				);
				GCC_SYMBOLS_PRIVATE_EXTERN = NO;
				GCC_WARN_64_TO_32_BIT_CONVERSION = YES;
				GCC_WARN_ABOUT_RETURN_TYPE = YES_ERROR;
				GCC_WARN_UNDECLARED_SELECTOR = YES;
				GCC_WARN_UNINITIALIZED_AUTOS = YES_AGGRESSIVE;
				GCC_WARN_UNUSED_FUNCTION = YES;
				GCC_WARN_UNUSED_VARIABLE = YES;
				IPHONEOS_DEPLOYMENT_TARGET = 9.2;
				MTL_ENABLE_DEBUG_INFO = YES;
				ONLY_ACTIVE_ARCH = YES;
				SDKROOT = iphoneos;
				SWIFT_OPTIMIZATION_LEVEL = "-Onone";
				TARGETED_DEVICE_FAMILY = "1,2";
			};
			name = Debug;
		};
		B5BF72401AC30842004A1113 /* Release */ = {
			isa = XCBuildConfiguration;
			buildSettings = {
				ALWAYS_SEARCH_USER_PATHS = NO;
				CLANG_CXX_LANGUAGE_STANDARD = "gnu++0x";
				CLANG_CXX_LIBRARY = "libc++";
				CLANG_ENABLE_MODULES = YES;
				CLANG_ENABLE_OBJC_ARC = YES;
				CLANG_WARN_BOOL_CONVERSION = YES;
				CLANG_WARN_CONSTANT_CONVERSION = YES;
				CLANG_WARN_DIRECT_OBJC_ISA_USAGE = YES_ERROR;
				CLANG_WARN_EMPTY_BODY = YES;
				CLANG_WARN_ENUM_CONVERSION = YES;
				CLANG_WARN_INT_CONVERSION = YES;
				CLANG_WARN_OBJC_ROOT_CLASS = YES_ERROR;
				CLANG_WARN_UNREACHABLE_CODE = YES;
				CLANG_WARN__DUPLICATE_METHOD_MATCH = YES;
				"CODE_SIGN_IDENTITY[sdk=iphoneos*]" = "iPhone Developer";
				COPY_PHASE_STRIP = NO;
				ENABLE_NS_ASSERTIONS = NO;
				ENABLE_STRICT_OBJC_MSGSEND = YES;
				GCC_C_LANGUAGE_STANDARD = gnu99;
				GCC_WARN_64_TO_32_BIT_CONVERSION = YES;
				GCC_WARN_ABOUT_RETURN_TYPE = YES_ERROR;
				GCC_WARN_UNDECLARED_SELECTOR = YES;
				GCC_WARN_UNINITIALIZED_AUTOS = YES_AGGRESSIVE;
				GCC_WARN_UNUSED_FUNCTION = YES;
				GCC_WARN_UNUSED_VARIABLE = YES;
				IPHONEOS_DEPLOYMENT_TARGET = 9.2;
				MTL_ENABLE_DEBUG_INFO = NO;
				SDKROOT = iphoneos;
				TARGETED_DEVICE_FAMILY = "1,2";
				VALIDATE_PRODUCT = YES;
			};
			name = Release;
		};
		B5BF72421AC30842004A1113 /* Debug */ = {
			isa = XCBuildConfiguration;
			buildSettings = {
				ASSETCATALOG_COMPILER_APPICON_NAME = AppIcon;
				INFOPLIST_FILE = DropDownTableView/Info.plist;
				LD_RUNPATH_SEARCH_PATHS = "$(inherited) @executable_path/Frameworks";
				PRODUCT_BUNDLE_IDENTIFIER = "NSSimpleApps.$(PRODUCT_NAME:rfc1034identifier)";
				PRODUCT_NAME = "$(TARGET_NAME)";
			};
			name = Debug;
		};
		B5BF72431AC30842004A1113 /* Release */ = {
			isa = XCBuildConfiguration;
			buildSettings = {
				ASSETCATALOG_COMPILER_APPICON_NAME = AppIcon;
				INFOPLIST_FILE = DropDownTableView/Info.plist;
				LD_RUNPATH_SEARCH_PATHS = "$(inherited) @executable_path/Frameworks";
				PRODUCT_BUNDLE_IDENTIFIER = "NSSimpleApps.$(PRODUCT_NAME:rfc1034identifier)";
				PRODUCT_NAME = "$(TARGET_NAME)";
			};
			name = Release;
		};
/* End XCBuildConfiguration section */

/* Begin XCConfigurationList section */
		B5BF721D1AC30841004A1113 /* Build configuration list for PBXProject "DropDownTableView" */ = {
			isa = XCConfigurationList;
			buildConfigurations = (
				B5BF723F1AC30842004A1113 /* Debug */,
				B5BF72401AC30842004A1113 /* Release */,
			);
			defaultConfigurationIsVisible = 0;
			defaultConfigurationName = Release;
		};
		B5BF72411AC30842004A1113 /* Build configuration list for PBXNativeTarget "DropDownTableView" */ = {
			isa = XCConfigurationList;
			buildConfigurations = (
				B5BF72421AC30842004A1113 /* Debug */,
				B5BF72431AC30842004A1113 /* Release */,
			);
			defaultConfigurationIsVisible = 0;
			defaultConfigurationName = Release;
		};
/* End XCConfigurationList section */
	};
	rootObject = B5BF721A1AC30841004A1113 /* Project object */;
}
